// !$*UTF8*$!
{
	archiveVersion = 1;
	classes = {
	};
	objectVersion = 56;
	objects = {

/* Begin PBXBuildFile section */
		AF199E4D2C87CA6C004D8186 /* CondelApp.swift in Sources */ = {isa = PBXBuildFile; fileRef = AF199E4C2C87CA6C004D8186 /* CondelApp.swift */; };
		AF199E4F2C87CA6C004D8186 /* ContentView.swift in Sources */ = {isa = PBXBuildFile; fileRef = AF199E4E2C87CA6C004D8186 /* ContentView.swift */; };
		AF199E512C87CA6E004D8186 /* Assets.xcassets in Resources */ = {isa = PBXBuildFile; fileRef = AF199E502C87CA6E004D8186 /* Assets.xcassets */; };
		AF199E542C87CA6E004D8186 /* Preview Assets.xcassets in Resources */ = {isa = PBXBuildFile; fileRef = AF199E532C87CA6E004D8186 /* Preview Assets.xcassets */; };
		AF199E5E2C87CA6F004D8186 /* CondelTests.swift in Sources */ = {isa = PBXBuildFile; fileRef = AF199E5D2C87CA6F004D8186 /* CondelTests.swift */; };
/* End PBXBuildFile section */

/* Begin PBXContainerItemProxy section */
		AF199E5A2C87CA6F004D8186 /* PBXContainerItemProxy */ = {
			isa = PBXContainerItemProxy;
			containerPortal = AF199E412C87CA6C004D8186 /* Project object */;
			proxyType = 1;
			remoteGlobalIDString = AF199E482C87CA6C004D8186;
			remoteInfo = Condel;
		};
/* End PBXContainerItemProxy section */

/* Begin PBXFileReference section */
		AF199E492C87CA6C004D8186 /* Condel.app */ = {isa = PBXFileReference; explicitFileType = wrapper.application; includeInIndex = 0; path = Condel.app; sourceTree = BUILT_PRODUCTS_DIR; };
		AF199E4C2C87CA6C004D8186 /* CondelApp.swift */ = {isa = PBXFileReference; lastKnownFileType = sourcecode.swift; path = CondelApp.swift; sourceTree = "<group>"; };
		AF199E4E2C87CA6C004D8186 /* ContentView.swift */ = {isa = PBXFileReference; lastKnownFileType = sourcecode.swift; path = ContentView.swift; sourceTree = "<group>"; };
		AF199E502C87CA6E004D8186 /* Assets.xcassets */ = {isa = PBXFileReference; lastKnownFileType = folder.assetcatalog; path = Assets.xcassets; sourceTree = "<group>"; };
		AF199E532C87CA6E004D8186 /* Preview Assets.xcassets */ = {isa = PBXFileReference; lastKnownFileType = folder.assetcatalog; path = "Preview Assets.xcassets"; sourceTree = "<group>"; };
		AF199E592C87CA6F004D8186 /* CondelTests.xctest */ = {isa = PBXFileReference; explicitFileType = wrapper.cfbundle; includeInIndex = 0; path = CondelTests.xctest; sourceTree = BUILT_PRODUCTS_DIR; };
		AF199E5D2C87CA6F004D8186 /* CondelTests.swift */ = {isa = PBXFileReference; lastKnownFileType = sourcecode.swift; path = CondelTests.swift; sourceTree = "<group>"; };
/* End PBXFileReference section */

/* Begin PBXFrameworksBuildPhase section */
		AF199E462C87CA6C004D8186 /* Frameworks */ = {
			isa = PBXFrameworksBuildPhase;
			buildActionMask = 2147483647;
			files = (
			);
			runOnlyForDeploymentPostprocessing = 0;
		};
		AF199E562C87CA6F004D8186 /* Frameworks */ = {
			isa = PBXFrameworksBuildPhase;
			buildActionMask = 2147483647;
			files = (
			);
			runOnlyForDeploymentPostprocessing = 0;
		};
/* End PBXFrameworksBuildPhase section */

/* Begin PBXGroup section */
		AF199E402C87CA6C004D8186 = {
			isa = PBXGroup;
			children = (
				AF199E4B2C87CA6C004D8186 /* Condel */,
				AF199E5C2C87CA6F004D8186 /* CondelTests */,
				AF199E4A2C87CA6C004D8186 /* Products */,
			);
			sourceTree = "<group>";
		};
		AF199E4A2C87CA6C004D8186 /* Products */ = {
			isa = PBXGroup;
			children = (
				AF199E492C87CA6C004D8186 /* Condel.app */,
				AF199E592C87CA6F004D8186 /* CondelTests.xctest */,
			);
			name = Products;
			sourceTree = "<group>";
		};
		AF199E4B2C87CA6C004D8186 /* Condel */ = {
			isa = PBXGroup;
			children = (
				AF199E4C2C87CA6C004D8186 /* CondelApp.swift */,
				AF199E4E2C87CA6C004D8186 /* ContentView.swift */,
				AF199E502C87CA6E004D8186 /* Assets.xcassets */,
				AF199E522C87CA6E004D8186 /* Preview Content */,
			);
			path = Condel;
			sourceTree = "<group>";
		};
		AF199E522C87CA6E004D8186 /* Preview Content */ = {
			isa = PBXGroup;
			children = (
				AF199E532C87CA6E004D8186 /* Preview Assets.xcassets */,
			);
			path = "Preview Content";
			sourceTree = "<group>";
		};
		AF199E5C2C87CA6F004D8186 /* CondelTests */ = {
			isa = PBXGroup;
			children = (
				AF199E5D2C87CA6F004D8186 /* CondelTests.swift */,
			);
			path = CondelTests;
			sourceTree = "<group>";
		};
/* End PBXGroup section */

/* Begin PBXNativeTarget section */
		AF199E482C87CA6C004D8186 /* Condel */ = {
			isa = PBXNativeTarget;
			buildConfigurationList = AF199E6D2C87CA6F004D8186 /* Build configuration list for PBXNativeTarget "Condel" */;
			buildPhases = (
				AF199E452C87CA6C004D8186 /* Sources */,
				AF199E462C87CA6C004D8186 /* Frameworks */,
				AF199E472C87CA6C004D8186 /* Resources */,
			);
			buildRules = (
			);
			dependencies = (
			);
			name = Condel;
			productName = Condel;
			productReference = AF199E492C87CA6C004D8186 /* Condel.app */;
			productType = "com.apple.product-type.application";
		};
		AF199E582C87CA6F004D8186 /* CondelTests */ = {
			isa = PBXNativeTarget;
			buildConfigurationList = AF199E702C87CA6F004D8186 /* Build configuration list for PBXNativeTarget "CondelTests" */;
			buildPhases = (
				AF199E552C87CA6F004D8186 /* Sources */,
				AF199E562C87CA6F004D8186 /* Frameworks */,
				AF199E572C87CA6F004D8186 /* Resources */,
			);
			buildRules = (
			);
			dependencies = (
				AF199E5B2C87CA6F004D8186 /* PBXTargetDependency */,
			);
			name = CondelTests;
			productName = CondelTests;
			productReference = AF199E592C87CA6F004D8186 /* CondelTests.xctest */;
			productType = "com.apple.product-type.bundle.unit-test";
		};
/* End PBXNativeTarget section */

/* Begin PBXProject section */
		AF199E412C87CA6C004D8186 /* Project object */ = {
			isa = PBXProject;
			attributes = {
				BuildIndependentTargetsInParallel = 1;
				LastSwiftUpdateCheck = 1540;
				LastUpgradeCheck = 1540;
				TargetAttributes = {
					AF199E482C87CA6C004D8186 = {
						CreatedOnToolsVersion = 15.4;
					};
					AF199E582C87CA6F004D8186 = {
						CreatedOnToolsVersion = 15.4;
						TestTargetID = AF199E482C87CA6C004D8186;
					};
				};
			};
			buildConfigurationList = AF199E442C87CA6C004D8186 /* Build configuration list for PBXProject "Condel" */;
			compatibilityVersion = "Xcode 14.0";
			developmentRegion = en;
			hasScannedForEncodings = 0;
			knownRegions = (
				en,
				Base,
			);
			mainGroup = AF199E402C87CA6C004D8186;
			productRefGroup = AF199E4A2C87CA6C004D8186 /* Products */;
			projectDirPath = "";
			projectRoot = "";
			targets = (
				AF199E482C87CA6C004D8186 /* Condel */,
				AF199E582C87CA6F004D8186 /* CondelTests */,
			);
		};
/* End PBXProject section */

/* Begin PBXResourcesBuildPhase section */
		AF199E472C87CA6C004D8186 /* Resources */ = {
			isa = PBXResourcesBuildPhase;
			buildActionMask = 2147483647;
			files = (
				AF199E542C87CA6E004D8186 /* Preview Assets.xcassets in Resources */,
				AF199E512C87CA6E004D8186 /* Assets.xcassets in Resources */,
			);
			runOnlyForDeploymentPostprocessing = 0;
		};
		AF199E572C87CA6F004D8186 /* Resources */ = {
			isa = PBXResourcesBuildPhase;
			buildActionMask = 2147483647;
			files = (
			);
			runOnlyForDeploymentPostprocessing = 0;
		};
/* End PBXResourcesBuildPhase section */

/* Begin PBXSourcesBuildPhase section */
		AF199E452C87CA6C004D8186 /* Sources */ = {
			isa = PBXSourcesBuildPhase;
			buildActionMask = 2147483647;
			files = (
				AF199E4F2C87CA6C004D8186 /* ContentView.swift in Sources */,
				AF199E4D2C87CA6C004D8186 /* CondelApp.swift in Sources */,
			);
			runOnlyForDeploymentPostprocessing = 0;
		};
		AF199E552C87CA6F004D8186 /* Sources */ = {
			isa = PBXSourcesBuildPhase;
			buildActionMask = 2147483647;
			files = (
				AF199E5E2C87CA6F004D8186 /* CondelTests.swift in Sources */,
			);
			runOnlyForDeploymentPostprocessing = 0;
		};
/* End PBXSourcesBuildPhase section */

/* Begin PBXTargetDependency section */
		AF199E5B2C87CA6F004D8186 /* PBXTargetDependency */ = {
			isa = PBXTargetDependency;
			target = AF199E482C87CA6C004D8186 /* Condel */;
			targetProxy = AF199E5A2C87CA6F004D8186 /* PBXContainerItemProxy */;
		};
/* End PBXTargetDependency section */

/* Begin XCBuildConfiguration section */
		AF199E6B2C87CA6F004D8186 /* Debug */ = {
			isa = XCBuildConfiguration;
			buildSettings = {
				ALWAYS_SEARCH_USER_PATHS = NO;
				ASSETCATALOG_COMPILER_GENERATE_SWIFT_ASSET_SYMBOL_EXTENSIONS = YES;
				CLANG_ANALYZER_NONNULL = YES;
				CLANG_ANALYZER_NUMBER_OBJECT_CONVERSION = YES_AGGRESSIVE;
				CLANG_CXX_LANGUAGE_STANDARD = "gnu++20";
				CLANG_ENABLE_MODULES = YES;
				CLANG_ENABLE_OBJC_ARC = YES;
				CLANG_ENABLE_OBJC_WEAK = YES;
				CLANG_WARN_BLOCK_CAPTURE_AUTORELEASING = YES;
				CLANG_WARN_BOOL_CONVERSION = YES;
				CLANG_WARN_COMMA = YES;
				CLANG_WARN_CONSTANT_CONVERSION = YES;
				CLANG_WARN_DEPRECATED_OBJC_IMPLEMENTATIONS = YES;
				CLANG_WARN_DIRECT_OBJC_ISA_USAGE = YES_ERROR;
				CLANG_WARN_DOCUMENTATION_COMMENTS = YES;
				CLANG_WARN_EMPTY_BODY = YES;
				CLANG_WARN_ENUM_CONVERSION = YES;
				CLANG_WARN_INFINITE_RECURSION = YES;
				CLANG_WARN_INT_CONVERSION = YES;
				CLANG_WARN_NON_LITERAL_NULL_CONVERSION = YES;
				CLANG_WARN_OBJC_IMPLICIT_RETAIN_SELF = YES;
				CLANG_WARN_OBJC_LITERAL_CONVERSION = YES;
				CLANG_WARN_OBJC_ROOT_CLASS = YES_ERROR;
				CLANG_WARN_QUOTED_INCLUDE_IN_FRAMEWORK_HEADER = YES;
				CLANG_WARN_RANGE_LOOP_ANALYSIS = YES;
				CLANG_WARN_STRICT_PROTOTYPES = YES;
				CLANG_WARN_SUSPICIOUS_MOVE = YES;
				CLANG_WARN_UNGUARDED_AVAILABILITY = YES_AGGRESSIVE;
				CLANG_WARN_UNREACHABLE_CODE = YES;
				CLANG_WARN__DUPLICATE_METHOD_MATCH = YES;
				COPY_PHASE_STRIP = NO;
				DEBUG_INFORMATION_FORMAT = dwarf;
				ENABLE_STRICT_OBJC_MSGSEND = YES;
				ENABLE_TESTABILITY = YES;
				ENABLE_USER_SCRIPT_SANDBOXING = YES;
				GCC_C_LANGUAGE_STANDARD = gnu17;
				GCC_DYNAMIC_NO_PIC = NO;
				GCC_NO_COMMON_BLOCKS = YES;
				GCC_OPTIMIZATION_LEVEL = 0;
				GCC_PREPROCESSOR_DEFINITIONS = (
					"DEBUG=1",
					"$(inherited)",
				);
				GCC_WARN_64_TO_32_BIT_CONVERSION = YES;
				GCC_WARN_ABOUT_RETURN_TYPE = YES_ERROR;
				GCC_WARN_UNDECLARED_SELECTOR = YES;
				GCC_WARN_UNINITIALIZED_AUTOS = YES_AGGRESSIVE;
				GCC_WARN_UNUSED_FUNCTION = YES;
				GCC_WARN_UNUSED_VARIABLE = YES;
				IPHONEOS_DEPLOYMENT_TARGET = 17.5;
				LOCALIZATION_PREFERS_STRING_CATALOGS = YES;
				MTL_ENABLE_DEBUG_INFO = INCLUDE_SOURCE;
				MTL_FAST_MATH = YES;
				ONLY_ACTIVE_ARCH = YES;
				SDKROOT = iphoneos;
				SWIFT_ACTIVE_COMPILATION_CONDITIONS = "DEBUG $(inherited)";
				SWIFT_OPTIMIZATION_LEVEL = "-Onone";
			};
			name = Debug;
		};
		AF199E6C2C87CA6F004D8186 /* Release */ = {
			isa = XCBuildConfiguration;
			buildSettings = {
				ALWAYS_SEARCH_USER_PATHS = NO;
				ASSETCATALOG_COMPILER_GENERATE_SWIFT_ASSET_SYMBOL_EXTENSIONS = YES;
				CLANG_ANALYZER_NONNULL = YES;
				CLANG_ANALYZER_NUMBER_OBJECT_CONVERSION = YES_AGGRESSIVE;
				CLANG_CXX_LANGUAGE_STANDARD = "gnu++20";
				CLANG_ENABLE_MODULES = YES;
				CLANG_ENABLE_OBJC_ARC = YES;
				CLANG_ENABLE_OBJC_WEAK = YES;
				CLANG_WARN_BLOCK_CAPTURE_AUTORELEASING = YES;
				CLANG_WARN_BOOL_CONVERSION = YES;
				CLANG_WARN_COMMA = YES;
				CLANG_WARN_CONSTANT_CONVERSION = YES;
				CLANG_WARN_DEPRECATED_OBJC_IMPLEMENTATIONS = YES;
				CLANG_WARN_DIRECT_OBJC_ISA_USAGE = YES_ERROR;
				CLANG_WARN_DOCUMENTATION_COMMENTS = YES;
				CLANG_WARN_EMPTY_BODY = YES;
				CLANG_WARN_ENUM_CONVERSION = YES;
				CLANG_WARN_INFINITE_RECURSION = YES;
				CLANG_WARN_INT_CONVERSION = YES;
				CLANG_WARN_NON_LITERAL_NULL_CONVERSION = YES;
				CLANG_WARN_OBJC_IMPLICIT_RETAIN_SELF = YES;
				CLANG_WARN_OBJC_LITERAL_CONVERSION = YES;
				CLANG_WARN_OBJC_ROOT_CLASS = YES_ERROR;
				CLANG_WARN_QUOTED_INCLUDE_IN_FRAMEWORK_HEADER = YES;
				CLANG_WARN_RANGE_LOOP_ANALYSIS = YES;
				CLANG_WARN_STRICT_PROTOTYPES = YES;
				CLANG_WARN_SUSPICIOUS_MOVE = YES;
				CLANG_WARN_UNGUARDED_AVAILABILITY = YES_AGGRESSIVE;
				CLANG_WARN_UNREACHABLE_CODE = YES;
				CLANG_WARN__DUPLICATE_METHOD_MATCH = YES;
				COPY_PHASE_STRIP = NO;
				DEBUG_INFORMATION_FORMAT = "dwarf-with-dsym";
				ENABLE_NS_ASSERTIONS = NO;
				ENABLE_STRICT_OBJC_MSGSEND = YES;
				ENABLE_USER_SCRIPT_SANDBOXING = YES;
				GCC_C_LANGUAGE_STANDARD = gnu17;
				GCC_NO_COMMON_BLOCKS = YES;
				GCC_WARN_64_TO_32_BIT_CONVERSION = YES;
				GCC_WARN_ABOUT_RETURN_TYPE = YES_ERROR;
				GCC_WARN_UNDECLARED_SELECTOR = YES;
				GCC_WARN_UNINITIALIZED_AUTOS = YES_AGGRESSIVE;
				GCC_WARN_UNUSED_FUNCTION = YES;
				GCC_WARN_UNUSED_VARIABLE = YES;
				IPHONEOS_DEPLOYMENT_TARGET = 17.5;
				LOCALIZATION_PREFERS_STRING_CATALOGS = YES;
				MTL_ENABLE_DEBUG_INFO = NO;
				MTL_FAST_MATH = YES;
				SDKROOT = iphoneos;
				SWIFT_COMPILATION_MODE = wholemodule;
				VALIDATE_PRODUCT = YES;
			};
			name = Release;
		};
		AF199E6E2C87CA6F004D8186 /* Debug */ = {
			isa = XCBuildConfiguration;
			buildSettings = {
				ASSETCATALOG_COMPILER_APPICON_NAME = AppIcon;
				ASSETCATALOG_COMPILER_GLOBAL_ACCENT_COLOR_NAME = AccentColor;
				CODE_SIGN_STYLE = Automatic;
				CURRENT_PROJECT_VERSION = 1;
				DEVELOPMENT_ASSET_PATHS = "\"Condel/Preview Content\"";
				DEVELOPMENT_TEAM = 6D677EY6CV;
				ENABLE_PREVIEWS = YES;
				GENERATE_INFOPLIST_FILE = YES;
				INFOPLIST_KEY_UIApplicationSceneManifest_Generation = YES;
				INFOPLIST_KEY_UIApplicationSupportsIndirectInputEvents = YES;
				INFOPLIST_KEY_UILaunchScreen_Generation = YES;
				INFOPLIST_KEY_UISupportedInterfaceOrientations_iPad = "UIInterfaceOrientationPortrait UIInterfaceOrientationPortraitUpsideDown UIInterfaceOrientationLandscapeLeft UIInterfaceOrientationLandscapeRight";
				INFOPLIST_KEY_UISupportedInterfaceOrientations_iPhone = "UIInterfaceOrientationPortrait UIInterfaceOrientationLandscapeLeft UIInterfaceOrientationLandscapeRight";
				LD_RUNPATH_SEARCH_PATHS = (
					"$(inherited)",
					"@executable_path/Frameworks",
				);
				MARKETING_VERSION = 1.0;
				PRODUCT_BUNDLE_IDENTIFIER = com.mazenbaddad.Condel;
				PRODUCT_NAME = "$(TARGET_NAME)";
				SWIFT_EMIT_LOC_STRINGS = YES;
				SWIFT_VERSION = 5.0;
				TARGETED_DEVICE_FAMILY = "1,2";
			};
			name = Debug;
		};
		AF199E6F2C87CA6F004D8186 /* Release */ = {
			isa = XCBuildConfiguration;
			buildSettings = {
				ASSETCATALOG_COMPILER_APPICON_NAME = AppIcon;
				ASSETCATALOG_COMPILER_GLOBAL_ACCENT_COLOR_NAME = AccentColor;
				CODE_SIGN_STYLE = Automatic;
				CURRENT_PROJECT_VERSION = 1;
				DEVELOPMENT_ASSET_PATHS = "\"Condel/Preview Content\"";
				DEVELOPMENT_TEAM = 6D677EY6CV;
				ENABLE_PREVIEWS = YES;
				GENERATE_INFOPLIST_FILE = YES;
				INFOPLIST_KEY_UIApplicationSceneManifest_Generation = YES;
				INFOPLIST_KEY_UIApplicationSupportsIndirectInputEvents = YES;
				INFOPLIST_KEY_UILaunchScreen_Generation = YES;
				INFOPLIST_KEY_UISupportedInterfaceOrientations_iPad = "UIInterfaceOrientationPortrait UIInterfaceOrientationPortraitUpsideDown UIInterfaceOrientationLandscapeLeft UIInterfaceOrientationLandscapeRight";
				INFOPLIST_KEY_UISupportedInterfaceOrientations_iPhone = "UIInterfaceOrientationPortrait UIInterfaceOrientationLandscapeLeft UIInterfaceOrientationLandscapeRight";
				LD_RUNPATH_SEARCH_PATHS = (
					"$(inherited)",
					"@executable_path/Frameworks",
				);
				MARKETING_VERSION = 1.0;
				PRODUCT_BUNDLE_IDENTIFIER = com.mazenbaddad.Condel;
				PRODUCT_NAME = "$(TARGET_NAME)";
				SWIFT_EMIT_LOC_STRINGS = YES;
				SWIFT_VERSION = 5.0;
				TARGETED_DEVICE_FAMILY = "1,2";
			};
			name = Release;
		};
		AF199E712C87CA6F004D8186 /* Debug */ = {
			isa = XCBuildConfiguration;
			buildSettings = {
				ALWAYS_EMBED_SWIFT_STANDARD_LIBRARIES = YES;
				BUNDLE_LOADER = "$(TEST_HOST)";
				CODE_SIGN_STYLE = Automatic;
				CURRENT_PROJECT_VERSION = 1;
				DEVELOPMENT_TEAM = 6D677EY6CV;
				GENERATE_INFOPLIST_FILE = YES;
				IPHONEOS_DEPLOYMENT_TARGET = 17.5;
				MARKETING_VERSION = 1.0;
				PRODUCT_BUNDLE_IDENTIFIER = com.mazenbaddad.CondelTests;
				PRODUCT_NAME = "$(TARGET_NAME)";
				SWIFT_EMIT_LOC_STRINGS = NO;
				SWIFT_VERSION = 5.0;
				TARGETED_DEVICE_FAMILY = "1,2";
				TEST_HOST = "$(BUILT_PRODUCTS_DIR)/Condel.app/$(BUNDLE_EXECUTABLE_FOLDER_PATH)/Condel";
			};
			name = Debug;
		};
		AF199E722C87CA6F004D8186 /* Release */ = {
			isa = XCBuildConfiguration;
			buildSettings = {
				ALWAYS_EMBED_SWIFT_STANDARD_LIBRARIES = YES;
				BUNDLE_LOADER = "$(TEST_HOST)";
				CODE_SIGN_STYLE = Automatic;
				CURRENT_PROJECT_VERSION = 1;
				DEVELOPMENT_TEAM = 6D677EY6CV;
				GENERATE_INFOPLIST_FILE = YES;
				IPHONEOS_DEPLOYMENT_TARGET = 17.5;
				MARKETING_VERSION = 1.0;
				PRODUCT_BUNDLE_IDENTIFIER = com.mazenbaddad.CondelTests;
				PRODUCT_NAME = "$(TARGET_NAME)";
				SWIFT_EMIT_LOC_STRINGS = NO;
				SWIFT_VERSION = 5.0;
				TARGETED_DEVICE_FAMILY = "1,2";
				TEST_HOST = "$(BUILT_PRODUCTS_DIR)/Condel.app/$(BUNDLE_EXECUTABLE_FOLDER_PATH)/Condel";
			};
			name = Release;
		};
/* End XCBuildConfiguration section */

/* Begin XCConfigurationList section */
		AF199E442C87CA6C004D8186 /* Build configuration list for PBXProject "Condel" */ = {
			isa = XCConfigurationList;
			buildConfigurations = (
				AF199E6B2C87CA6F004D8186 /* Debug */,
				AF199E6C2C87CA6F004D8186 /* Release */,
			);
			defaultConfigurationIsVisible = 0;
			defaultConfigurationName = Release;
		};
		AF199E6D2C87CA6F004D8186 /* Build configuration list for PBXNativeTarget "Condel" */ = {
			isa = XCConfigurationList;
			buildConfigurations = (
				AF199E6E2C87CA6F004D8186 /* Debug */,
				AF199E6F2C87CA6F004D8186 /* Release */,
			);
			defaultConfigurationIsVisible = 0;
			defaultConfigurationName = Release;
		};
		AF199E702C87CA6F004D8186 /* Build configuration list for PBXNativeTarget "CondelTests" */ = {
			isa = XCConfigurationList;
			buildConfigurations = (
				AF199E712C87CA6F004D8186 /* Debug */,
				AF199E722C87CA6F004D8186 /* Release */,
			);
			defaultConfigurationIsVisible = 0;
			defaultConfigurationName = Release;
		};
/* End XCConfigurationList section */
	};
	rootObject = AF199E412C87CA6C004D8186 /* Project object */;
}
